
Microsoft Visual Studio Solution File, Format Version 11.00
# Visual Studio 2010
Project("{FAE04EC0-301F-11D3-BF4B-00C04F79EFBC}") = "Exception_Vending", "Exception_Vending\Exception_Vending.csproj", "{006258DA-2FDC-41F6-B1DC-5788033ACD20}"
EndProject
Global
	GlobalSection(SolutionConfigurationPlatforms) = preSolution
		Debug|x86 = Debug|x86
		Release|x86 = Release|x86
	EndGlobalSection
	GlobalSection(ProjectConfigurationPlatforms) = postSolution
		{006258DA-2FDC-41F6-B1DC-5788033ACD20}.Debug|x86.ActiveCfg = Debug|x86
		{006258DA-2FDC-41F6-B1DC-5788033ACD20}.Debug|x86.Build.0 = Debug|x86
		{006258DA-2FDC-41F6-B1DC-5788033ACD20}.Release|x86.ActiveCfg = Release|x86
		{006258DA-2FDC-41F6-B1DC-5788033ACD20}.Release|x86.Build.0 = Release|x86
	EndGlobalSection
	GlobalSection(SolutionProperties) = preSolution
		HideSolutionNode = FALSE
	EndGlobalSection
EndGlobal
